# THIS IS AN AUTOGENERATED FILE. DO NOT EDIT THIS FILE DIRECTLY.
# yarn lockfile v1


file-type@^10.4.0:
  version "10.8.0"
  resolved "https://registry.yarnpkg.com/file-type/-/file-type-10.8.0.tgz#676dfd43fdb75d8ccdba1cff53351b71190c25ff"
  integrity sha512-287YScp3cpRWzhM+/E+A85O4FJi4dHus0eA6eBUzkRc08d/JAwqeczU/nwLstRuzzq/S7TqvQg9mhv7xVsdINQ==

fse@^4.0.1:
  version "4.0.1"
  resolved "https://registry.yarnpkg.com/fse/-/fse-4.0.1.tgz#9e1db80203933cbe59ed75507f35adf2689ce1e9"
  integrity sha512-5XLUrweQvJxSJKhBe3XjimHSJ2EUhYOG+K2tLQy8I9kp78Fa3CgUXqxAZWxE9+fsvnI5GVkHl4NDqbf1tSb93Q==

posthtml-inline-assets@^3.0.0:
  version "3.0.0"
  resolved "https://registry.yarnpkg.com/posthtml-inline-assets/-/posthtml-inline-assets-3.0.0.tgz#fd3c7c278a610f162fbb0c82e8fd8178ca1685d3"
  integrity sha512-CEFG5YA+JRoIcLYpQNU6z5rFm8FD/97Ikuj0UIsaJP2DqFwqVsIVvQe6mFHiSncouqY1c9j8c7wOd5g57jdAJw==
  dependencies:
    file-type "^10.4.0"
    fse "^4.0.1"
