# THIS IS AN AUTOGENERATED FILE. DO NOT EDIT THIS FILE DIRECTLY.
# yarn lockfile v1


file-type@^10.4.0:
  version "10.11.0"
  resolved "https://registry.yarnpkg.com/file-type/-/file-type-10.11.0.tgz#2961d09e4675b9fb9a3ee6b69e9cd23f43fd1890"
  integrity sha512-uzk64HRpUZyTGZtVuvrjP0FYxzQrBf4rojot6J65YMEbwBLB0CWm0CLojVpwpmFmxcE/lkvYICgfcGozbBq6rw==

fse@^4.0.1:
  version "4.0.1"
  resolved "https://registry.yarnpkg.com/fse/-/fse-4.0.1.tgz#9e1db80203933cbe59ed75507f35adf2689ce1e9"
  integrity sha512-5XLUrweQvJxSJKhBe3XjimHSJ2EUhYOG+K2tLQy8I9kp78Fa3CgUXqxAZWxE9+fsvnI5GVkHl4NDqbf1tSb93Q==

parcel-plugin-inliner@..:
  version "1.0.15"
  dependencies:
    posthtml-inline-assets "^3.1.0"

posthtml-inline-assets@^3.1.0:
  version "3.1.0"
  resolved "https://registry.yarnpkg.com/posthtml-inline-assets/-/posthtml-inline-assets-3.1.0.tgz#a245e65c6a9999e7b38d893f3982f108d725a906"
  integrity sha512-52VGs/FG8NNlzv04jZe1HBy5pQ+HWifbQpZN5q0tt6QNkgy3SZCutf4UZyM93uzYym71tKPCQkzAXN3XnRSTgA==
  dependencies:
    file-type "^10.4.0"
    fse "^4.0.1"
